// !$*UTF8*$!
{
	archiveVersion = 1;
	classes = {
	};
	objectVersion = 46;
	objects = {

/* Begin PBXBuildFile section */
		195A474018B24EBA00FF1821 /* Foundation.framework in Frameworks */ = {isa = PBXBuildFile; fileRef = 195A473F18B24EBA00FF1821 /* Foundation.framework */; };
		195A474218B24EBA00FF1821 /* CoreGraphics.framework in Frameworks */ = {isa = PBXBuildFile; fileRef = 195A474118B24EBA00FF1821 /* CoreGraphics.framework */; };
		195A474418B24EBA00FF1821 /* UIKit.framework in Frameworks */ = {isa = PBXBuildFile; fileRef = 195A474318B24EBA00FF1821 /* UIKit.framework */; };
		195A474A18B24EBA00FF1821 /* InfoPlist.strings in Resources */ = {isa = PBXBuildFile; fileRef = 195A474818B24EBA00FF1821 /* InfoPlist.strings */; };
		195A474C18B24EBA00FF1821 /* main.m in Sources */ = {isa = PBXBuildFile; fileRef = 195A474B18B24EBA00FF1821 /* main.m */; };
		195A475018B24EBA00FF1821 /* AppDelegate.m in Sources */ = {isa = PBXBuildFile; fileRef = 195A474F18B24EBA00FF1821 /* AppDelegate.m */; };
		195A475318B24EBA00FF1821 /* Main.storyboard in Resources */ = {isa = PBXBuildFile; fileRef = 195A475118B24EBA00FF1821 /* Main.storyboard */; };
		195A475618B24EBA00FF1821 /* ViewController.m in Sources */ = {isa = PBXBuildFile; fileRef = 195A475518B24EBA00FF1821 /* ViewController.m */; };
		195A475818B24EBA00FF1821 /* Images.xcassets in Resources */ = {isa = PBXBuildFile; fileRef = 195A475718B24EBA00FF1821 /* Images.xcassets */; };
		195A475F18B24EBA00FF1821 /* XCTest.framework in Frameworks */ = {isa = PBXBuildFile; fileRef = 195A475E18B24EBA00FF1821 /* XCTest.framework */; };
		195A476018B24EBA00FF1821 /* Foundation.framework in Frameworks */ = {isa = PBXBuildFile; fileRef = 195A473F18B24EBA00FF1821 /* Foundation.framework */; };
		195A476118B24EBA00FF1821 /* UIKit.framework in Frameworks */ = {isa = PBXBuildFile; fileRef = 195A474318B24EBA00FF1821 /* UIKit.framework */; };
		195A476918B24EBA00FF1821 /* InfoPlist.strings in Resources */ = {isa = PBXBuildFile; fileRef = 195A476718B24EBA00FF1821 /* InfoPlist.strings */; };
		195A476B18B24EBA00FF1821 /* RSATests.m in Sources */ = {isa = PBXBuildFile; fileRef = 195A476A18B24EBA00FF1821 /* RSATests.m */; };
		195A477618B2550300FF1821 /* RSA.m in Sources */ = {isa = PBXBuildFile; fileRef = 195A477418B2550300FF1821 /* RSA.m */; };
		195A477818B25A0300FF1821 /* Security.framework in Frameworks */ = {isa = PBXBuildFile; fileRef = 195A477718B25A0300FF1821 /* Security.framework */; };
		DE2D3B401F7567FB002A791B /* MobileGenerateVC.swift in Sources */ = {isa = PBXBuildFile; fileRef = DE2D3B3F1F7567FA002A791B /* MobileGenerateVC.swift */; };
		DE2D3B441F76499F002A791B /* DecryptMessage.swift in Sources */ = {isa = PBXBuildFile; fileRef = DE2D3B431F76499F002A791B /* DecryptMessage.swift */; };
		DE2D3B461F7650C1002A791B /* EncryptMessage.swift in Sources */ = {isa = PBXBuildFile; fileRef = DE2D3B451F7650C1002A791B /* EncryptMessage.swift */; };
		DE95313A1F767863000CEF9A /* MainViewController.swift in Sources */ = {isa = PBXBuildFile; fileRef = DE9531391F767863000CEF9A /* MainViewController.swift */; };
		DE95313C1F76CBCB000CEF9A /* SavePublicKey.swift in Sources */ = {isa = PBXBuildFile; fileRef = DE95313B1F76CBCB000CEF9A /* SavePublicKey.swift */; };
/* End PBXBuildFile section */

/* Begin PBXContainerItemProxy section */
		195A476218B24EBA00FF1821 /* PBXContainerItemProxy */ = {
			isa = PBXContainerItemProxy;
			containerPortal = 195A473418B24EBA00FF1821 /* Project object */;
			proxyType = 1;
			remoteGlobalIDString = 195A473B18B24EBA00FF1821;
			remoteInfo = RSA;
		};
/* End PBXContainerItemProxy section */

/* Begin PBXFileReference section */
		195A473C18B24EBA00FF1821 /* RSA.app */ = {isa = PBXFileReference; explicitFileType = wrapper.application; includeInIndex = 0; path = RSA.app; sourceTree = BUILT_PRODUCTS_DIR; };
		195A473F18B24EBA00FF1821 /* Foundation.framework */ = {isa = PBXFileReference; lastKnownFileType = wrapper.framework; name = Foundation.framework; path = System/Library/Frameworks/Foundation.framework; sourceTree = SDKROOT; };
		195A474118B24EBA00FF1821 /* CoreGraphics.framework */ = {isa = PBXFileReference; lastKnownFileType = wrapper.framework; name = CoreGraphics.framework; path = System/Library/Frameworks/CoreGraphics.framework; sourceTree = SDKROOT; };
		195A474318B24EBA00FF1821 /* UIKit.framework */ = {isa = PBXFileReference; lastKnownFileType = wrapper.framework; name = UIKit.framework; path = System/Library/Frameworks/UIKit.framework; sourceTree = SDKROOT; };
		195A474718B24EBA00FF1821 /* RSA-Info.plist */ = {isa = PBXFileReference; lastKnownFileType = text.plist.xml; path = "RSA-Info.plist"; sourceTree = "<group>"; };
		195A474918B24EBA00FF1821 /* en */ = {isa = PBXFileReference; lastKnownFileType = text.plist.strings; name = en; path = en.lproj/InfoPlist.strings; sourceTree = "<group>"; };
		195A474B18B24EBA00FF1821 /* main.m */ = {isa = PBXFileReference; lastKnownFileType = sourcecode.c.objc; path = main.m; sourceTree = "<group>"; };
		195A474D18B24EBA00FF1821 /* RSA-Prefix.pch */ = {isa = PBXFileReference; lastKnownFileType = sourcecode.c.h; path = "RSA-Prefix.pch"; sourceTree = "<group>"; };
		195A474E18B24EBA00FF1821 /* AppDelegate.h */ = {isa = PBXFileReference; lastKnownFileType = sourcecode.c.h; path = AppDelegate.h; sourceTree = "<group>"; };
		195A474F18B24EBA00FF1821 /* AppDelegate.m */ = {isa = PBXFileReference; lastKnownFileType = sourcecode.c.objc; path = AppDelegate.m; sourceTree = "<group>"; };
		195A475218B24EBA00FF1821 /* Base */ = {isa = PBXFileReference; lastKnownFileType = file.storyboard; name = Base; path = Base.lproj/Main.storyboard; sourceTree = "<group>"; };
		195A475418B24EBA00FF1821 /* ViewController.h */ = {isa = PBXFileReference; lastKnownFileType = sourcecode.c.h; path = ViewController.h; sourceTree = "<group>"; };
		195A475518B24EBA00FF1821 /* ViewController.m */ = {isa = PBXFileReference; lastKnownFileType = sourcecode.c.objc; path = ViewController.m; sourceTree = "<group>"; };
		195A475718B24EBA00FF1821 /* Images.xcassets */ = {isa = PBXFileReference; lastKnownFileType = folder.assetcatalog; path = Images.xcassets; sourceTree = "<group>"; };
		195A475D18B24EBA00FF1821 /* RSATests.xctest */ = {isa = PBXFileReference; explicitFileType = wrapper.cfbundle; includeInIndex = 0; path = RSATests.xctest; sourceTree = BUILT_PRODUCTS_DIR; };
		195A475E18B24EBA00FF1821 /* XCTest.framework */ = {isa = PBXFileReference; lastKnownFileType = wrapper.framework; name = XCTest.framework; path = Library/Frameworks/XCTest.framework; sourceTree = DEVELOPER_DIR; };
		195A476618B24EBA00FF1821 /* RSATests-Info.plist */ = {isa = PBXFileReference; lastKnownFileType = text.plist.xml; path = "RSATests-Info.plist"; sourceTree = "<group>"; };
		195A476818B24EBA00FF1821 /* en */ = {isa = PBXFileReference; lastKnownFileType = text.plist.strings; name = en; path = en.lproj/InfoPlist.strings; sourceTree = "<group>"; };
		195A476A18B24EBA00FF1821 /* RSATests.m */ = {isa = PBXFileReference; lastKnownFileType = sourcecode.c.objc; path = RSATests.m; sourceTree = "<group>"; };
		195A477418B2550300FF1821 /* RSA.m */ = {isa = PBXFileReference; fileEncoding = 4; lastKnownFileType = sourcecode.c.objc; path = RSA.m; sourceTree = "<group>"; };
		195A477518B2550300FF1821 /* RSA.h */ = {isa = PBXFileReference; fileEncoding = 4; lastKnownFileType = sourcecode.c.h; path = RSA.h; sourceTree = "<group>"; };
		195A477718B25A0300FF1821 /* Security.framework */ = {isa = PBXFileReference; lastKnownFileType = wrapper.framework; name = Security.framework; path = System/Library/Frameworks/Security.framework; sourceTree = SDKROOT; };
		DE2D3B371F7560D6002A791B /* en */ = {isa = PBXFileReference; lastKnownFileType = text.plist.strings; name = en; path = en.lproj/Main.strings; sourceTree = "<group>"; };
		DE2D3B381F75666B002A791B /* RSA-Bridging-Header.h */ = {isa = PBXFileReference; lastKnownFileType = sourcecode.c.h; path = "RSA-Bridging-Header.h"; sourceTree = "<group>"; };
		DE2D3B3F1F7567FA002A791B /* MobileGenerateVC.swift */ = {isa = PBXFileReference; fileEncoding = 4; lastKnownFileType = sourcecode.swift; name = MobileGenerateVC.swift; path = RSA/Swift/MobileGenerateVC.swift; sourceTree = SOURCE_ROOT; };
		DE2D3B431F76499F002A791B /* DecryptMessage.swift */ = {isa = PBXFileReference; lastKnownFileType = sourcecode.swift; path = DecryptMessage.swift; sourceTree = "<group>"; };
		DE2D3B451F7650C1002A791B /* EncryptMessage.swift */ = {isa = PBXFileReference; lastKnownFileType = sourcecode.swift; path = EncryptMessage.swift; sourceTree = "<group>"; };
		DE9531391F767863000CEF9A /* MainViewController.swift */ = {isa = PBXFileReference; lastKnownFileType = sourcecode.swift; path = MainViewController.swift; sourceTree = "<group>"; };
		DE95313B1F76CBCB000CEF9A /* SavePublicKey.swift */ = {isa = PBXFileReference; lastKnownFileType = sourcecode.swift; path = SavePublicKey.swift; sourceTree = "<group>"; };
/* End PBXFileReference section */

/* Begin PBXFrameworksBuildPhase section */
		195A473918B24EBA00FF1821 /* Frameworks */ = {
			isa = PBXFrameworksBuildPhase;
			buildActionMask = 2147483647;
			files = (
				195A477818B25A0300FF1821 /* Security.framework in Frameworks */,
				195A474218B24EBA00FF1821 /* CoreGraphics.framework in Frameworks */,
				195A474418B24EBA00FF1821 /* UIKit.framework in Frameworks */,
				195A474018B24EBA00FF1821 /* Foundation.framework in Frameworks */,
			);
			runOnlyForDeploymentPostprocessing = 0;
		};
		195A475A18B24EBA00FF1821 /* Frameworks */ = {
			isa = PBXFrameworksBuildPhase;
			buildActionMask = 2147483647;
			files = (
				195A475F18B24EBA00FF1821 /* XCTest.framework in Frameworks */,
				195A476118B24EBA00FF1821 /* UIKit.framework in Frameworks */,
				195A476018B24EBA00FF1821 /* Foundation.framework in Frameworks */,
			);
			runOnlyForDeploymentPostprocessing = 0;
		};
/* End PBXFrameworksBuildPhase section */

/* Begin PBXGroup section */
		195A473318B24EBA00FF1821 = {
			isa = PBXGroup;
			children = (
				195A474518B24EBA00FF1821 /* RSA */,
				DE95313E1F76CF4D000CEF9A /* ObjC classes */,
				195A476418B24EBA00FF1821 /* RSATests */,
				195A473E18B24EBA00FF1821 /* Frameworks */,
				195A473D18B24EBA00FF1821 /* Products */,
			);
			sourceTree = "<group>";
		};
		195A473D18B24EBA00FF1821 /* Products */ = {
			isa = PBXGroup;
			children = (
				195A473C18B24EBA00FF1821 /* RSA.app */,
				195A475D18B24EBA00FF1821 /* RSATests.xctest */,
			);
			name = Products;
			sourceTree = "<group>";
		};
		195A473E18B24EBA00FF1821 /* Frameworks */ = {
			isa = PBXGroup;
			children = (
				195A477718B25A0300FF1821 /* Security.framework */,
				195A473F18B24EBA00FF1821 /* Foundation.framework */,
				195A474118B24EBA00FF1821 /* CoreGraphics.framework */,
				195A474318B24EBA00FF1821 /* UIKit.framework */,
				195A475E18B24EBA00FF1821 /* XCTest.framework */,
			);
			name = Frameworks;
			sourceTree = "<group>";
		};
		195A474518B24EBA00FF1821 /* RSA */ = {
			isa = PBXGroup;
			children = (
				DE2D3B3E1F7567D1002A791B /* Swift */,
				DE95313D1F76CF43000CEF9A /* RSA */,
				195A474E18B24EBA00FF1821 /* AppDelegate.h */,
				195A474F18B24EBA00FF1821 /* AppDelegate.m */,
				195A475118B24EBA00FF1821 /* Main.storyboard */,
				195A475718B24EBA00FF1821 /* Images.xcassets */,
				195A474618B24EBA00FF1821 /* Supporting Files */,
				DE2D3B381F75666B002A791B /* RSA-Bridging-Header.h */,
			);
			path = RSA;
			sourceTree = "<group>";
		};
		195A474618B24EBA00FF1821 /* Supporting Files */ = {
			isa = PBXGroup;
			children = (
				195A474718B24EBA00FF1821 /* RSA-Info.plist */,
				195A474818B24EBA00FF1821 /* InfoPlist.strings */,
				195A474B18B24EBA00FF1821 /* main.m */,
				195A474D18B24EBA00FF1821 /* RSA-Prefix.pch */,
			);
			name = "Supporting Files";
			sourceTree = "<group>";
		};
		195A476418B24EBA00FF1821 /* RSATests */ = {
			isa = PBXGroup;
			children = (
				195A476A18B24EBA00FF1821 /* RSATests.m */,
				195A476518B24EBA00FF1821 /* Supporting Files */,
			);
			path = RSATests;
			sourceTree = "<group>";
		};
		195A476518B24EBA00FF1821 /* Supporting Files */ = {
			isa = PBXGroup;
			children = (
				195A476618B24EBA00FF1821 /* RSATests-Info.plist */,
				195A476718B24EBA00FF1821 /* InfoPlist.strings */,
			);
			name = "Supporting Files";
			sourceTree = "<group>";
		};
		DE2D3B3E1F7567D1002A791B /* Swift */ = {
			isa = PBXGroup;
			children = (
				DE2D3B3F1F7567FA002A791B /* MobileGenerateVC.swift */,
				DE2D3B431F76499F002A791B /* DecryptMessage.swift */,
				DE2D3B451F7650C1002A791B /* EncryptMessage.swift */,
				DE9531391F767863000CEF9A /* MainViewController.swift */,
				DE95313B1F76CBCB000CEF9A /* SavePublicKey.swift */,
			);
			path = Swift;
			sourceTree = "<group>";
		};
		DE95313D1F76CF43000CEF9A /* RSA */ = {
			isa = PBXGroup;
			children = (
				195A477518B2550300FF1821 /* RSA.h */,
				195A477418B2550300FF1821 /* RSA.m */,
			);
			path = RSA;
			sourceTree = "<group>";
		};
		DE95313E1F76CF4D000CEF9A /* ObjC classes */ = {
			isa = PBXGroup;
			children = (
				195A475418B24EBA00FF1821 /* ViewController.h */,
				195A475518B24EBA00FF1821 /* ViewController.m */,
			);
			path = "ObjC classes";
			sourceTree = "<group>";
		};
/* End PBXGroup section */

/* Begin PBXNativeTarget section */
		195A473B18B24EBA00FF1821 /* RSA */ = {
			isa = PBXNativeTarget;
			buildConfigurationList = 195A476E18B24EBA00FF1821 /* Build configuration list for PBXNativeTarget "RSA" */;
			buildPhases = (
				195A473818B24EBA00FF1821 /* Sources */,
				195A473918B24EBA00FF1821 /* Frameworks */,
				195A473A18B24EBA00FF1821 /* Resources */,
			);
			buildRules = (
			);
			dependencies = (
			);
			name = RSA;
			productName = RSA;
			productReference = 195A473C18B24EBA00FF1821 /* RSA.app */;
			productType = "com.apple.product-type.application";
		};
		195A475C18B24EBA00FF1821 /* RSATests */ = {
			isa = PBXNativeTarget;
			buildConfigurationList = 195A477118B24EBA00FF1821 /* Build configuration list for PBXNativeTarget "RSATests" */;
			buildPhases = (
				195A475918B24EBA00FF1821 /* Sources */,
				195A475A18B24EBA00FF1821 /* Frameworks */,
				195A475B18B24EBA00FF1821 /* Resources */,
			);
			buildRules = (
			);
			dependencies = (
				195A476318B24EBA00FF1821 /* PBXTargetDependency */,
			);
			name = RSATests;
			productName = RSATests;
			productReference = 195A475D18B24EBA00FF1821 /* RSATests.xctest */;
			productType = "com.apple.product-type.bundle.unit-test";
		};
/* End PBXNativeTarget section */

/* Begin PBXProject section */
		195A473418B24EBA00FF1821 /* Project object */ = {
			isa = PBXProject;
			attributes = {
				LastUpgradeCheck = 0900;
				ORGANIZATIONNAME = "Clapp Inc";
				TargetAttributes = {
					195A473B18B24EBA00FF1821 = {
						LastSwiftMigration = 0900;
					};
					195A475C18B24EBA00FF1821 = {
						TestTargetID = 195A473B18B24EBA00FF1821;
					};
				};
			};
			buildConfigurationList = 195A473718B24EBA00FF1821 /* Build configuration list for PBXProject "RSA" */;
			compatibilityVersion = "Xcode 3.2";
			developmentRegion = English;
			hasScannedForEncodings = 0;
			knownRegions = (
				en,
				Base,
			);
			mainGroup = 195A473318B24EBA00FF1821;
			productRefGroup = 195A473D18B24EBA00FF1821 /* Products */;
			projectDirPath = "";
			projectRoot = "";
			targets = (
				195A473B18B24EBA00FF1821 /* RSA */,
				195A475C18B24EBA00FF1821 /* RSATests */,
			);
		};
/* End PBXProject section */

/* Begin PBXResourcesBuildPhase section */
		195A473A18B24EBA00FF1821 /* Resources */ = {
			isa = PBXResourcesBuildPhase;
			buildActionMask = 2147483647;
			files = (
				195A475818B24EBA00FF1821 /* Images.xcassets in Resources */,
				195A474A18B24EBA00FF1821 /* InfoPlist.strings in Resources */,
				195A475318B24EBA00FF1821 /* Main.storyboard in Resources */,
			);
			runOnlyForDeploymentPostprocessing = 0;
		};
		195A475B18B24EBA00FF1821 /* Resources */ = {
			isa = PBXResourcesBuildPhase;
			buildActionMask = 2147483647;
			files = (
				195A476918B24EBA00FF1821 /* InfoPlist.strings in Resources */,
			);
			runOnlyForDeploymentPostprocessing = 0;
		};
/* End PBXResourcesBuildPhase section */

/* Begin PBXSourcesBuildPhase section */
		195A473818B24EBA00FF1821 /* Sources */ = {
			isa = PBXSourcesBuildPhase;
			buildActionMask = 2147483647;
			files = (
				DE2D3B461F7650C1002A791B /* EncryptMessage.swift in Sources */,
				195A475618B24EBA00FF1821 /* ViewController.m in Sources */,
				DE2D3B441F76499F002A791B /* DecryptMessage.swift in Sources */,
				195A475018B24EBA00FF1821 /* AppDelegate.m in Sources */,
				DE2D3B401F7567FB002A791B /* MobileGenerateVC.swift in Sources */,
				DE95313C1F76CBCB000CEF9A /* SavePublicKey.swift in Sources */,
				195A477618B2550300FF1821 /* RSA.m in Sources */,
				195A474C18B24EBA00FF1821 /* main.m in Sources */,
				DE95313A1F767863000CEF9A /* MainViewController.swift in Sources */,
			);
			runOnlyForDeploymentPostprocessing = 0;
		};
		195A475918B24EBA00FF1821 /* Sources */ = {
			isa = PBXSourcesBuildPhase;
			buildActionMask = 2147483647;
			files = (
				195A476B18B24EBA00FF1821 /* RSATests.m in Sources */,
			);
			runOnlyForDeploymentPostprocessing = 0;
		};
/* End PBXSourcesBuildPhase section */

/* Begin PBXTargetDependency section */
		195A476318B24EBA00FF1821 /* PBXTargetDependency */ = {
			isa = PBXTargetDependency;
			target = 195A473B18B24EBA00FF1821 /* RSA */;
			targetProxy = 195A476218B24EBA00FF1821 /* PBXContainerItemProxy */;
		};
/* End PBXTargetDependency section */

/* Begin PBXVariantGroup section */
		195A474818B24EBA00FF1821 /* InfoPlist.strings */ = {
			isa = PBXVariantGroup;
			children = (
				195A474918B24EBA00FF1821 /* en */,
			);
			name = InfoPlist.strings;
			sourceTree = "<group>";
		};
		195A475118B24EBA00FF1821 /* Main.storyboard */ = {
			isa = PBXVariantGroup;
			children = (
				195A475218B24EBA00FF1821 /* Base */,
				DE2D3B371F7560D6002A791B /* en */,
			);
			name = Main.storyboard;
			sourceTree = "<group>";
		};
		195A476718B24EBA00FF1821 /* InfoPlist.strings */ = {
			isa = PBXVariantGroup;
			children = (
				195A476818B24EBA00FF1821 /* en */,
			);
			name = InfoPlist.strings;
			sourceTree = "<group>";
		};
/* End PBXVariantGroup section */

/* Begin XCBuildConfiguration section */
		195A476C18B24EBA00FF1821 /* Debug */ = {
			isa = XCBuildConfiguration;
			buildSettings = {
				ALWAYS_SEARCH_USER_PATHS = NO;
				CLANG_CXX_LANGUAGE_STANDARD = "gnu++0x";
				CLANG_CXX_LIBRARY = "libc++";
				CLANG_ENABLE_MODULES = YES;
				CLANG_ENABLE_OBJC_ARC = YES;
				CLANG_WARN_BLOCK_CAPTURE_AUTORELEASING = YES;
				CLANG_WARN_BOOL_CONVERSION = YES;
				CLANG_WARN_COMMA = YES;
				CLANG_WARN_CONSTANT_CONVERSION = YES;
				CLANG_WARN_DIRECT_OBJC_ISA_USAGE = YES_ERROR;
				CLANG_WARN_EMPTY_BODY = YES;
				CLANG_WARN_ENUM_CONVERSION = YES;
				CLANG_WARN_INFINITE_RECURSION = YES;
				CLANG_WARN_INT_CONVERSION = YES;
				CLANG_WARN_NON_LITERAL_NULL_CONVERSION = YES;
				CLANG_WARN_OBJC_LITERAL_CONVERSION = YES;
				CLANG_WARN_OBJC_ROOT_CLASS = YES_ERROR;
				CLANG_WARN_RANGE_LOOP_ANALYSIS = YES;
				CLANG_WARN_STRICT_PROTOTYPES = YES;
				CLANG_WARN_SUSPICIOUS_MOVE = YES;
				CLANG_WARN_UNREACHABLE_CODE = YES;
				CLANG_WARN__DUPLICATE_METHOD_MATCH = YES;
				"CODE_SIGN_IDENTITY[sdk=iphoneos*]" = "iPhone Developer";
				COPY_PHASE_STRIP = NO;
				ENABLE_STRICT_OBJC_MSGSEND = YES;
				ENABLE_TESTABILITY = YES;
				GCC_C_LANGUAGE_STANDARD = gnu99;
				GCC_DYNAMIC_NO_PIC = NO;
				GCC_NO_COMMON_BLOCKS = YES;
				GCC_OPTIMIZATION_LEVEL = 0;
				GCC_PREPROCESSOR_DEFINITIONS = (
					"DEBUG=1",
					"$(inherited)",
				);
				GCC_SYMBOLS_PRIVATE_EXTERN = NO;
				GCC_WARN_64_TO_32_BIT_CONVERSION = YES;
				GCC_WARN_ABOUT_RETURN_TYPE = YES_ERROR;
				GCC_WARN_UNDECLARED_SELECTOR = YES;
				GCC_WARN_UNINITIALIZED_AUTOS = YES;
				GCC_WARN_UNUSED_FUNCTION = YES;
				GCC_WARN_UNUSED_VARIABLE = YES;
				IPHONEOS_DEPLOYMENT_TARGET = 8.0;
				ONLY_ACTIVE_ARCH = YES;
				SDKROOT = iphoneos;
			};
			name = Debug;
		};
		195A476D18B24EBA00FF1821 /* Release */ = {
			isa = XCBuildConfiguration;
			buildSettings = {
				ALWAYS_SEARCH_USER_PATHS = NO;
				CLANG_CXX_LANGUAGE_STANDARD = "gnu++0x";
				CLANG_CXX_LIBRARY = "libc++";
				CLANG_ENABLE_MODULES = YES;
				CLANG_ENABLE_OBJC_ARC = YES;
				CLANG_WARN_BLOCK_CAPTURE_AUTORELEASING = YES;
				CLANG_WARN_BOOL_CONVERSION = YES;
				CLANG_WARN_COMMA = YES;
				CLANG_WARN_CONSTANT_CONVERSION = YES;
				CLANG_WARN_DIRECT_OBJC_ISA_USAGE = YES_ERROR;
				CLANG_WARN_EMPTY_BODY = YES;
				CLANG_WARN_ENUM_CONVERSION = YES;
				CLANG_WARN_INFINITE_RECURSION = YES;
				CLANG_WARN_INT_CONVERSION = YES;
				CLANG_WARN_NON_LITERAL_NULL_CONVERSION = YES;
				CLANG_WARN_OBJC_LITERAL_CONVERSION = YES;
				CLANG_WARN_OBJC_ROOT_CLASS = YES_ERROR;
				CLANG_WARN_RANGE_LOOP_ANALYSIS = YES;
				CLANG_WARN_STRICT_PROTOTYPES = YES;
				CLANG_WARN_SUSPICIOUS_MOVE = YES;
				CLANG_WARN_UNREACHABLE_CODE = YES;
				CLANG_WARN__DUPLICATE_METHOD_MATCH = YES;
				"CODE_SIGN_IDENTITY[sdk=iphoneos*]" = "iPhone Developer";
				COPY_PHASE_STRIP = YES;
				ENABLE_NS_ASSERTIONS = NO;
				ENABLE_STRICT_OBJC_MSGSEND = YES;
				GCC_C_LANGUAGE_STANDARD = gnu99;
				GCC_NO_COMMON_BLOCKS = YES;
				GCC_WARN_64_TO_32_BIT_CONVERSION = YES;
				GCC_WARN_ABOUT_RETURN_TYPE = YES_ERROR;
				GCC_WARN_UNDECLARED_SELECTOR = YES;
				GCC_WARN_UNINITIALIZED_AUTOS = YES;
				GCC_WARN_UNUSED_FUNCTION = YES;
				GCC_WARN_UNUSED_VARIABLE = YES;
				IPHONEOS_DEPLOYMENT_TARGET = 8.0;
				SDKROOT = iphoneos;
				VALIDATE_PRODUCT = YES;
			};
			name = Release;
		};
		195A476F18B24EBA00FF1821 /* Debug */ = {
			isa = XCBuildConfiguration;
			buildSettings = {
				ASSETCATALOG_COMPILER_APPICON_NAME = AppIcon;
				ASSETCATALOG_COMPILER_LAUNCHIMAGE_NAME = LaunchImage;
				CLANG_ENABLE_MODULES = YES;
				GCC_PRECOMPILE_PREFIX_HEADER = YES;
				GCC_PREFIX_HEADER = "RSA/RSA-Prefix.pch";
				INFOPLIST_FILE = "RSA/RSA-Info.plist";
				IPHONEOS_DEPLOYMENT_TARGET = 10.0;
				LD_RUNPATH_SEARCH_PATHS = "$(inherited) @executable_path/Frameworks";
				PRODUCT_BUNDLE_IDENTIFIER = "com.reejosamuel.${PRODUCT_NAME:rfc1034identifier}";
				PRODUCT_NAME = "$(TARGET_NAME)";
				SWIFT_OBJC_BRIDGING_HEADER = "RSA/RSA-Bridging-Header.h";
				SWIFT_OPTIMIZATION_LEVEL = "-Onone";
				SWIFT_VERSION = 3.0;
				WRAPPER_EXTENSION = app;
			};
			name = Debug;
		};
		195A477018B24EBA00FF1821 /* Release */ = {
			isa = XCBuildConfiguration;
			buildSettings = {
				ASSETCATALOG_COMPILER_APPICON_NAME = AppIcon;
				ASSETCATALOG_COMPILER_LAUNCHIMAGE_NAME = LaunchImage;
				CLANG_ENABLE_MODULES = YES;
				GCC_PRECOMPILE_PREFIX_HEADER = YES;
				GCC_PREFIX_HEADER = "RSA/RSA-Prefix.pch";
				INFOPLIST_FILE = "RSA/RSA-Info.plist";
				IPHONEOS_DEPLOYMENT_TARGET = 10.0;
				LD_RUNPATH_SEARCH_PATHS = "$(inherited) @executable_path/Frameworks";
				PRODUCT_BUNDLE_IDENTIFIER = "com.reejosamuel.${PRODUCT_NAME:rfc1034identifier}";
				PRODUCT_NAME = "$(TARGET_NAME)";
				SWIFT_OBJC_BRIDGING_HEADER = "RSA/RSA-Bridging-Header.h";
				SWIFT_VERSION = 3.0;
				WRAPPER_EXTENSION = app;
			};
			name = Release;
		};
		195A477218B24EBA00FF1821 /* Debug */ = {
			isa = XCBuildConfiguration;
			buildSettings = {
				ALWAYS_EMBED_SWIFT_STANDARD_LIBRARIES = YES;
				BUNDLE_LOADER = "$(BUILT_PRODUCTS_DIR)/RSA.app/RSA";
				FRAMEWORK_SEARCH_PATHS = (
					"$(SDKROOT)/Developer/Library/Frameworks",
					"$(inherited)",
					"$(DEVELOPER_FRAMEWORKS_DIR)",
				);
				GCC_PRECOMPILE_PREFIX_HEADER = YES;
				GCC_PREFIX_HEADER = "RSA/RSA-Prefix.pch";
				GCC_PREPROCESSOR_DEFINITIONS = (
					"DEBUG=1",
					"$(inherited)",
				);
				INFOPLIST_FILE = "RSATests/RSATests-Info.plist";
				PRODUCT_BUNDLE_IDENTIFIER = "com.reejosamuel.${PRODUCT_NAME:rfc1034identifier}";
				PRODUCT_NAME = "$(TARGET_NAME)";
				TEST_HOST = "$(BUNDLE_LOADER)";
				WRAPPER_EXTENSION = xctest;
			};
			name = Debug;
		};
		195A477318B24EBA00FF1821 /* Release */ = {
			isa = XCBuildConfiguration;
			buildSettings = {
				ALWAYS_EMBED_SWIFT_STANDARD_LIBRARIES = YES;
				BUNDLE_LOADER = "$(BUILT_PRODUCTS_DIR)/RSA.app/RSA";
				FRAMEWORK_SEARCH_PATHS = (
					"$(SDKROOT)/Developer/Library/Frameworks",
					"$(inherited)",
					"$(DEVELOPER_FRAMEWORKS_DIR)",
				);
				GCC_PRECOMPILE_PREFIX_HEADER = YES;
				GCC_PREFIX_HEADER = "RSA/RSA-Prefix.pch";
				INFOPLIST_FILE = "RSATests/RSATests-Info.plist";
				PRODUCT_BUNDLE_IDENTIFIER = "com.reejosamuel.${PRODUCT_NAME:rfc1034identifier}";
				PRODUCT_NAME = "$(TARGET_NAME)";
				TEST_HOST = "$(BUNDLE_LOADER)";
				WRAPPER_EXTENSION = xctest;
			};
			name = Release;
		};
/* End XCBuildConfiguration section */

/* Begin XCConfigurationList section */
		195A473718B24EBA00FF1821 /* Build configuration list for PBXProject "RSA" */ = {
			isa = XCConfigurationList;
			buildConfigurations = (
				195A476C18B24EBA00FF1821 /* Debug */,
				195A476D18B24EBA00FF1821 /* Release */,
			);
			defaultConfigurationIsVisible = 0;
			defaultConfigurationName = Release;
		};
		195A476E18B24EBA00FF1821 /* Build configuration list for PBXNativeTarget "RSA" */ = {
			isa = XCConfigurationList;
			buildConfigurations = (
				195A476F18B24EBA00FF1821 /* Debug */,
				195A477018B24EBA00FF1821 /* Release */,
			);
			defaultConfigurationIsVisible = 0;
			defaultConfigurationName = Release;
		};
		195A477118B24EBA00FF1821 /* Build configuration list for PBXNativeTarget "RSATests" */ = {
			isa = XCConfigurationList;
			buildConfigurations = (
				195A477218B24EBA00FF1821 /* Debug */,
				195A477318B24EBA00FF1821 /* Release */,
			);
			defaultConfigurationIsVisible = 0;
			defaultConfigurationName = Release;
		};
/* End XCConfigurationList section */
	};
	rootObject = 195A473418B24EBA00FF1821 /* Project object */;
}
